
Microsoft Visual Studio Solution File, Format Version 12.00
# Visual Studio Version 17
VisualStudioVersion = 17.4.33213.308
MinimumVisualStudioVersion = 10.0.40219.1
Project("{FAE04EC0-301F-11D3-BF4B-00C04F79EFBC}") = "To_Do_App_Final_Project", "To_Do_App_Final_Project.csproj", "{C2CC0DF9-1652-4BE2-B67A-870D975020CD}"
EndProject
Global
	GlobalSection(SolutionConfigurationPlatforms) = preSolution
		Debug|Any CPU = Debug|Any CPU
		Release|Any CPU = Release|Any CPU
	EndGlobalSection
	GlobalSection(ProjectConfigurationPlatforms) = postSolution
		{C2CC0DF9-1652-4BE2-B67A-870D975020CD}.Debug|Any CPU.ActiveCfg = Debug|Any CPU
		{C2CC0DF9-1652-4BE2-B67A-870D975020CD}.Debug|Any CPU.Build.0 = Debug|Any CPU
		{C2CC0DF9-1652-4BE2-B67A-870D975020CD}.Release|Any CPU.ActiveCfg = Release|Any CPU
		{C2CC0DF9-1652-4BE2-B67A-870D975020CD}.Release|Any CPU.Build.0 = Release|Any CPU
	EndGlobalSection
	GlobalSection(SolutionProperties) = preSolution
		HideSolutionNode = FALSE
	EndGlobalSection
	GlobalSection(ExtensibilityGlobals) = postSolution
		SolutionGuid = {300CEE0A-B8A8-4B6A-B675-E25CE77285BF}
	EndGlobalSection
EndGlobal
